
Microsoft Visual Studio Solution File, Format Version 12.00
# Visual Studio Version 17
VisualStudioVersion = 17.0.31710.8
MinimumVisualStudioVersion = 10.0.40219.1
Project("{9A19103F-16F7-4668-BE54-9A1E7A4F7556}") = "StorageService", "StorageService\StorageService.csproj", "{33E69055-3F32-42C7-B355-2CAA963DA45F}"
EndProject
Project("{FAE04EC0-301F-11D3-BF4B-00C04F79EFBC}") = "StorageService.API", "StorageService.API\StorageService.API.csproj", "{F5286232-1B0B-48BA-BE07-32CAD6BCBA52}"
EndProject
Project("{2150E333-8FDC-42A3-9474-1A3956D46DE8}") = "Solution Items", "Solution Items", "{6910FF13-1C06-41D5-8DB6-66FBBE5257B5}"
	ProjectSection(SolutionItems) = preProject
		README.md = README.md
	EndProjectSection
EndProject
Global
	GlobalSection(SolutionConfigurationPlatforms) = preSolution
		Debug|Any CPU = Debug|Any CPU
		Release|Any CPU = Release|Any CPU
	EndGlobalSection
	GlobalSection(ProjectConfigurationPlatforms) = postSolution
		{33E69055-3F32-42C7-B355-2CAA963DA45F}.Debug|Any CPU.ActiveCfg = Debug|Any CPU
		{33E69055-3F32-42C7-B355-2CAA963DA45F}.Debug|Any CPU.Build.0 = Debug|Any CPU
		{33E69055-3F32-42C7-B355-2CAA963DA45F}.Release|Any CPU.ActiveCfg = Release|Any CPU
		{33E69055-3F32-42C7-B355-2CAA963DA45F}.Release|Any CPU.Build.0 = Release|Any CPU
		{F5286232-1B0B-48BA-BE07-32CAD6BCBA52}.Debug|Any CPU.ActiveCfg = Debug|Any CPU
		{F5286232-1B0B-48BA-BE07-32CAD6BCBA52}.Debug|Any CPU.Build.0 = Debug|Any CPU
		{F5286232-1B0B-48BA-BE07-32CAD6BCBA52}.Release|Any CPU.ActiveCfg = Release|Any CPU
		{F5286232-1B0B-48BA-BE07-32CAD6BCBA52}.Release|Any CPU.Build.0 = Release|Any CPU
	EndGlobalSection
	GlobalSection(SolutionProperties) = preSolution
		HideSolutionNode = FALSE
	EndGlobalSection
	GlobalSection(ExtensibilityGlobals) = postSolution
		SolutionGuid = {5CC78BB8-A8CD-4671-86C1-09BFF4DEA7A3}
	EndGlobalSection
EndGlobal
